
Microsoft Visual Studio Solution File, Format Version 12.00
# Visual Studio Version 17
VisualStudioVersion = 17.9.34723.18
MinimumVisualStudioVersion = 10.0.40219.1
Project("{FAE04EC0-301F-11D3-BF4B-00C04F79EFBC}") = "insideairbnb-api", "insideairbnb-api\insideairbnb-api.csproj", "{8E036D59-4403-4DE8-B797-9AE921C77337}"
EndProject
Global
	GlobalSection(SolutionConfigurationPlatforms) = preSolution
		Debug|Any CPU = Debug|Any CPU
		Release|Any CPU = Release|Any CPU
	EndGlobalSection
	GlobalSection(ProjectConfigurationPlatforms) = postSolution
		{8E036D59-4403-4DE8-B797-9AE921C77337}.Debug|Any CPU.ActiveCfg = Debug|Any CPU
		{8E036D59-4403-4DE8-B797-9AE921C77337}.Debug|Any CPU.Build.0 = Debug|Any CPU
		{8E036D59-4403-4DE8-B797-9AE921C77337}.Release|Any CPU.ActiveCfg = Release|Any CPU
		{8E036D59-4403-4DE8-B797-9AE921C77337}.Release|Any CPU.Build.0 = Release|Any CPU
	EndGlobalSection
	GlobalSection(SolutionProperties) = preSolution
		HideSolutionNode = FALSE
	EndGlobalSection
	GlobalSection(ExtensibilityGlobals) = postSolution
		SolutionGuid = {705945C0-6FDA-4E76-B01B-DB949A2A1FDE}
	EndGlobalSection
EndGlobal
